
Microsoft Visual Studio Solution File, Format Version 12.00
# Visual Studio Version 16
VisualStudioVersion = 16.0.30804.86
MinimumVisualStudioVersion = 10.0.40219.1
Project("{FAE04EC0-301F-11D3-BF4B-00C04F79EFBC}") = "TollFeeCalculator", "WTTestApp\TollFeeCalculator.csproj", "{F1EFE2DE-1377-4E2A-B245-07F75F03B32D}"
EndProject
Project("{FAE04EC0-301F-11D3-BF4B-00C04F79EFBC}") = "TollFeeCalculatorTest", "TollFeeCalculatorFee\TollFeeCalculatorTest.csproj", "{6E5AC5D1-AE16-47C5-88A9-9DC1C38E9881}"
EndProject
Global
	GlobalSection(SolutionConfigurationPlatforms) = preSolution
		Debug|Any CPU = Debug|Any CPU
		Release|Any CPU = Release|Any CPU
	EndGlobalSection
	GlobalSection(ProjectConfigurationPlatforms) = postSolution
		{F1EFE2DE-1377-4E2A-B245-07F75F03B32D}.Debug|Any CPU.ActiveCfg = Debug|Any CPU
		{F1EFE2DE-1377-4E2A-B245-07F75F03B32D}.Debug|Any CPU.Build.0 = Debug|Any CPU
		{F1EFE2DE-1377-4E2A-B245-07F75F03B32D}.Release|Any CPU.ActiveCfg = Release|Any CPU
		{F1EFE2DE-1377-4E2A-B245-07F75F03B32D}.Release|Any CPU.Build.0 = Release|Any CPU
		{6E5AC5D1-AE16-47C5-88A9-9DC1C38E9881}.Debug|Any CPU.ActiveCfg = Debug|Any CPU
		{6E5AC5D1-AE16-47C5-88A9-9DC1C38E9881}.Debug|Any CPU.Build.0 = Debug|Any CPU
		{6E5AC5D1-AE16-47C5-88A9-9DC1C38E9881}.Release|Any CPU.ActiveCfg = Release|Any CPU
		{6E5AC5D1-AE16-47C5-88A9-9DC1C38E9881}.Release|Any CPU.Build.0 = Release|Any CPU
	EndGlobalSection
	GlobalSection(SolutionProperties) = preSolution
		HideSolutionNode = FALSE
	EndGlobalSection
	GlobalSection(ExtensibilityGlobals) = postSolution
		SolutionGuid = {BB953327-998B-4ED7-A153-950D89C2D26F}
	EndGlobalSection
EndGlobal
